
Microsoft Visual Studio Solution File, Format Version 12.00
# Visual Studio Version 17
VisualStudioVersion = 17.13.35931.197 d17.13
MinimumVisualStudioVersion = 10.0.40219.1
Project("{FAE04EC0-301F-11D3-BF4B-00C04F79EFBC}") = "AnimalMatchingGame", "AnimalMatchingGame\AnimalMatchingGame.csproj", "{465BF487-D60F-4D17-8395-D695920751BF}"
EndProject
Global
	GlobalSection(SolutionConfigurationPlatforms) = preSolution
		Debug|Any CPU = Debug|Any CPU
		Release|Any CPU = Release|Any CPU
	EndGlobalSection
	GlobalSection(ProjectConfigurationPlatforms) = postSolution
		{465BF487-D60F-4D17-8395-D695920751BF}.Debug|Any CPU.ActiveCfg = Debug|Any CPU
		{465BF487-D60F-4D17-8395-D695920751BF}.Debug|Any CPU.Build.0 = Debug|Any CPU
		{465BF487-D60F-4D17-8395-D695920751BF}.Release|Any CPU.ActiveCfg = Release|Any CPU
		{465BF487-D60F-4D17-8395-D695920751BF}.Release|Any CPU.Build.0 = Release|Any CPU
	EndGlobalSection
	GlobalSection(SolutionProperties) = preSolution
		HideSolutionNode = FALSE
	EndGlobalSection
	GlobalSection(ExtensibilityGlobals) = postSolution
		SolutionGuid = {DA6195C1-DE3A-48E5-9632-6941A95C1900}
	EndGlobalSection
EndGlobal
