
Microsoft Visual Studio Solution File, Format Version 12.00
# Visual Studio Version 17
VisualStudioVersion = 17.13.35931.197 d17.13
MinimumVisualStudioVersion = 10.0.40219.1
Project("{FAE04EC0-301F-11D3-BF4B-00C04F79EFBC}") = "ExperimentWithControls", "ExperimentWithControls\ExperimentWithControls.csproj", "{D52E28DE-2B3C-482C-B27B-708D0C7D9A2E}"
EndProject
Global
	GlobalSection(SolutionConfigurationPlatforms) = preSolution
		Debug|Any CPU = Debug|Any CPU
		Release|Any CPU = Release|Any CPU
	EndGlobalSection
	GlobalSection(ProjectConfigurationPlatforms) = postSolution
		{D52E28DE-2B3C-482C-B27B-708D0C7D9A2E}.Debug|Any CPU.ActiveCfg = Debug|Any CPU
		{D52E28DE-2B3C-482C-B27B-708D0C7D9A2E}.Debug|Any CPU.Build.0 = Debug|Any CPU
		{D52E28DE-2B3C-482C-B27B-708D0C7D9A2E}.Release|Any CPU.ActiveCfg = Release|Any CPU
		{D52E28DE-2B3C-482C-B27B-708D0C7D9A2E}.Release|Any CPU.Build.0 = Release|Any CPU
	EndGlobalSection
	GlobalSection(SolutionProperties) = preSolution
		HideSolutionNode = FALSE
	EndGlobalSection
	GlobalSection(ExtensibilityGlobals) = postSolution
		SolutionGuid = {22130FC4-3AB2-49EB-BDC9-1AD79AF40721}
	EndGlobalSection
EndGlobal
